
Microsoft Visual Studio Solution File, Format Version 12.00
# Visual Studio Version 17
VisualStudioVersion = 17.5.33627.172
MinimumVisualStudioVersion = 10.0.40219.1
Project("{FAE04EC0-301F-11D3-BF4B-00C04F79EFBC}") = "UtmCounselingSystem", "UtmCounselingSystem\UtmCounselingSystem.csproj", "{E42D4C55-E1E6-4080-9C9C-14E5092F916C}"
EndProject
Global
	GlobalSection(SolutionConfigurationPlatforms) = preSolution
		Debug|Any CPU = Debug|Any CPU
		Release|Any CPU = Release|Any CPU
	EndGlobalSection
	GlobalSection(ProjectConfigurationPlatforms) = postSolution
		{E42D4C55-E1E6-4080-9C9C-14E5092F916C}.Debug|Any CPU.ActiveCfg = Debug|Any CPU
		{E42D4C55-E1E6-4080-9C9C-14E5092F916C}.Debug|Any CPU.Build.0 = Debug|Any CPU
		{E42D4C55-E1E6-4080-9C9C-14E5092F916C}.Release|Any CPU.ActiveCfg = Release|Any CPU
		{E42D4C55-E1E6-4080-9C9C-14E5092F916C}.Release|Any CPU.Build.0 = Release|Any CPU
	EndGlobalSection
	GlobalSection(SolutionProperties) = preSolution
		HideSolutionNode = FALSE
	EndGlobalSection
	GlobalSection(ExtensibilityGlobals) = postSolution
		SolutionGuid = {C2C4AE97-B375-4947-B815-BFBD21844E8F}
	EndGlobalSection
EndGlobal
